{
  "requires": true,
  "lockfileVersion": 1,
  "dependencies": {
    "body": {
      "version": "5.1.0",
      "resolved": "https://registry.npmjs.org/body/-/body-5.1.0.tgz",
      "integrity": "sha1-5LoM5BCkaTYyM2dgnstOZVMSUGk=",
      "requires": {
        "continuable-cache": "^0.3.1",
        "error": "^7.0.0",
        "raw-body": "~1.1.0",
        "safe-json-parse": "~1.0.1"
      }
    },
    "bytes": {
      "version": "1.0.0",
      "resolved": "https://registry.npmjs.org/bytes/-/bytes-1.0.0.tgz",
      "integrity": "sha1-NWnt6Lo0MV+rmcPpLLBMciDeH6g="
    },
    "colors": {
      "version": "1.4.0",
      "resolved": "https://registry.npmjs.org/colors/-/colors-1.4.0.tgz",
      "integrity": "sha512-a+UqTh4kgZg/SlGvfbzDHpgRu7AAQOmmqRHJnxhRZICKFUT91brVhNNt58CMWU9PsBbv3PDCZUHbVxuDiH2mtA=="
    },
    "continuable-cache": {
      "version": "0.3.1",
      "resolved": "https://registry.npmjs.org/continuable-cache/-/continuable-cache-0.3.1.tgz",
      "integrity": "sha1-vXJ6f67XfnH/OYWskzUakSczrQ8="
    },
    "error": {
      "version": "7.2.1",
      "resolved": "https://registry.npmjs.org/error/-/error-7.2.1.tgz",
      "integrity": "sha512-fo9HBvWnx3NGUKMvMwB/CBCMMrfEJgbDTVDEkPygA3Bdd3lM1OyCd+rbQ8BwnpF6GdVeOLDNmyL4N5Bg80ZvdA==",
      "requires": {
        "string-template": "~0.2.1"
      }
    },
    "mime": {
      "version": "1.6.0",
      "resolved": "https://registry.npmjs.org/mime/-/mime-1.6.0.tgz",
      "integrity": "sha512-x0Vn8spI+wuJ1O6S7gnbaQg8Pxh4NNHb7KSINmEWKiPE4RKOplvijn+NkmYmmRgP68mc70j2EbeTFRsrswaQeg=="
    },
    "minimist": {
      "version": "0.0.10",
      "resolved": "https://registry.npmjs.org/minimist/-/minimist-0.0.10.tgz",
      "integrity": "sha1-3j+YVD2/lggr5IrRoMfNqDYwHc8="
    },
    "node-static": {
      "version": "0.7.11",
      "resolved": "https://registry.npmjs.org/node-static/-/node-static-0.7.11.tgz",
      "integrity": "sha512-zfWC/gICcqb74D9ndyvxZWaI1jzcoHmf4UTHWQchBNuNMxdBLJMDiUgZ1tjGLEIe/BMhj2DxKD8HOuc2062pDQ==",
      "requires": {
        "colors": ">=0.6.0",
        "mime": "^1.2.9",
        "optimist": ">=0.3.4"
      }
    },
    "optimist": {
      "version": "0.6.1",
      "resolved": "https://registry.npmjs.org/optimist/-/optimist-0.6.1.tgz",
      "integrity": "sha1-2j6nRob6IaGaERwybpDrFaAZZoY=",
      "requires": {
        "minimist": "~0.0.1",
        "wordwrap": "~0.0.2"
      }
    },
    "raw-body": {
      "version": "1.1.7",
      "resolved": "https://registry.npmjs.org/raw-body/-/raw-body-1.1.7.tgz",
      "integrity": "sha1-HQJ8K/oRasxmI7yo8AAWVyqH1CU=",
      "requires": {
        "bytes": "1",
        "string_decoder": "0.10"
      }
    },
    "safe-json-parse": {
      "version": "1.0.1",
      "resolved": "https://registry.npmjs.org/safe-json-parse/-/safe-json-parse-1.0.1.tgz",
      "integrity": "sha1-PnZyPjjf3aE8mx0poeB//uSzC1c="
    },
    "string-template": {
      "version": "0.2.1",
      "resolved": "https://registry.npmjs.org/string-template/-/string-template-0.2.1.tgz",
      "integrity": "sha1-QpMuWYo1LQH8IuwzZ9nYTuxsmt0="
    },
    "string_decoder": {
      "version": "0.10.31",
      "resolved": "https://registry.npmjs.org/string_decoder/-/string_decoder-0.10.31.tgz",
      "integrity": "sha1-YuIDvEF2bGwoyfyEMB2rHFMQ+pQ="
    },
    "wordwrap": {
      "version": "0.0.3",
      "resolved": "https://registry.npmjs.org/wordwrap/-/wordwrap-0.0.3.tgz",
      "integrity": "sha1-o9XabNXAvAAI03I0u68b7WMFkQc="
    }
  }
}
